version = 1
revision = 3
requires-python = "==3.12.*"

[[package]]
name = "colorama"
version = "0.4.6"
source = { registry = "https://pypi.org/simple" }
sdist = { url = "https://files.pythonhosted.org/packages/d8/53/6f443c9a4a8358a93a6792e2acffb9d9d5cb0a5cfd8802644b7b1c9a02e4/colorama-0.4.6.tar.gz", hash = "sha256:08695f5cb7ed6e0531a20572697297273c47b8cae5a63ffc6d6ed5c201be6e44", size = 27697, upload-time = "2022-10-25T02:36:22.414Z" }
wheels = [
    { url = "https://files.pythonhosted.org/packages/d1/d6/3965ed04c63042e047cb6a3e6ed1a63a35087b6a609aa3a15ed8ac56c221/colorama-0.4.6-py2.py3-none-any.whl", hash = "sha256:4f1d9991f5acc0ca119f9d443620b77f9d6b33703e51011c16baf57afb285fc6", size = 25335, upload-time = "2022-10-25T02:36:20.889Z" },
]

[[package]]
name = "iniconfig"
version = "2.3.0"
source = { registry = "https://pypi.org/simple" }
sdist = { url = "https://files.pythonhosted.org/packages/72/34/14ca021ce8e5dfedc35312d08ba8bf51fdd999c576889fc2c24cb97f4f10/iniconfig-2.3.0.tar.gz", hash = "sha256:c76315c77db068650d49c5b56314774a7804df16fee4402c1f19d6d15d8c4730", size = 20503, upload-time = "2025-10-18T21:55:43.219Z" }
wheels = [
    { url = "https://files.pythonhosted.org/packages/cb/b1/3846dd7f199d53cb17f49cba7e651e9ce294d8497c8c150530ed11865bb8/iniconfig-2.3.0-py3-none-any.whl", hash = "sha256:f631c04d2c48c52b84d0d0549c99ff3859c98df65b3101406327ecc7d53fbf12", size = 7484, upload-time = "2025-10-18T21:55:41.639Z" },
]

[[package]]
name = "meetscribe"
version = "0.1.0"
source = { editable = "." }
dependencies = [
    { name = "numpy" },
    { name = "sherpa-onnx" },
    { name = "sherpa-onnx-core" },
]

[package.dev-dependencies]
dev = [
    { name = "pytest" },
]

[package.metadata]
requires-dist = [
    { name = "numpy", specifier = "==2.2.6" },
    { name = "sherpa-onnx", specifier = "==1.13.4" },
    { name = "sherpa-onnx-core", specifier = "==1.13.4" },
]

[package.metadata.requires-dev]
dev = [{ name = "pytest", specifier = "==8.3.4" }]

[[package]]
name = "numpy"
version = "2.2.6"
source = { registry = "https://pypi.org/simple" }
sdist = { url = "https://files.pythonhosted.org/packages/76/21/7d2a95e4bba9dc13d043ee156a356c0a8f0c6309dff6b21b4d71a073b8a8/numpy-2.2.6.tar.gz", hash = "sha256:e29554e2bef54a90aa5cc07da6ce955accb83f21ab5de01a62c8478897b264fd", size = 20276440, upload-time = "2025-05-17T22:38:04.611Z" }
wheels = [
    { url = "https://files.pythonhosted.org/packages/82/5d/c00588b6cf18e1da539b45d3598d3557084990dcc4331960c15ee776ee41/numpy-2.2.6-cp312-cp312-macosx_10_13_x86_64.whl", hash = "sha256:41c5a21f4a04fa86436124d388f6ed60a9343a6f767fced1a8a71c3fbca038ff", size = 20875348, upload-time = "2025-05-17T21:34:39.648Z" },
    { url = "https://files.pythonhosted.org/packages/66/ee/560deadcdde6c2f90200450d5938f63a34b37e27ebff162810f716f6a230/numpy-2.2.6-cp312-cp312-macosx_11_0_arm64.whl", hash = "sha256:de749064336d37e340f640b05f24e9e3dd678c57318c7289d222a8a2f543e90c", size = 14119362, upload-time = "2025-05-17T21:35:01.241Z" },
    { url = "https://files.pythonhosted.org/packages/3c/65/4baa99f1c53b30adf0acd9a5519078871ddde8d2339dc5a7fde80d9d87da/numpy-2.2.6-cp312-cp312-macosx_14_0_arm64.whl", hash = "sha256:894b3a42502226a1cac872f840030665f33326fc3dac8e57c607905773cdcde3", size = 5084103, upload-time = "2025-05-17T21:35:10.622Z" },
    { url = "https://files.pythonhosted.org/packages/cc/89/e5a34c071a0570cc40c9a54eb472d113eea6d002e9ae12bb3a8407fb912e/numpy-2.2.6-cp312-cp312-macosx_14_0_x86_64.whl", hash = "sha256:71594f7c51a18e728451bb50cc60a3ce4e6538822731b2933209a1f3614e9282", size = 6625382, upload-time = "2025-05-17T21:35:21.414Z" },
    { url = "https://files.pythonhosted.org/packages/f8/35/8c80729f1ff76b3921d5c9487c7ac3de9b2a103b1cd05e905b3090513510/numpy-2.2.6-cp312-cp312-manylinux_2_17_aarch64.manylinux2014_aarch64.whl", hash = "sha256:f2618db89be1b4e05f7a1a847a9c1c0abd63e63a1607d892dd54668dd92faf87", size = 14018462, upload-time = "2025-05-17T21:35:42.174Z" },
    { url = "https://files.pythonhosted.org/packages/8c/3d/1e1db36cfd41f895d266b103df00ca5b3cbe965184df824dec5c08c6b803/numpy-2.2.6-cp312-cp312-manylinux_2_17_x86_64.manylinux2014_x86_64.whl", hash = "sha256:fd83c01228a688733f1ded5201c678f0c53ecc1006ffbc404db9f7a899ac6249", size = 16527618, upload-time = "2025-05-17T21:36:06.711Z" },
    { url = "https://files.pythonhosted.org/packages/61/c6/03ed30992602c85aa3cd95b9070a514f8b3c33e31124694438d88809ae36/numpy-2.2.6-cp312-cp312-musllinux_1_2_aarch64.whl", hash = "sha256:37c0ca431f82cd5fa716eca9506aefcabc247fb27ba69c5062a6d3ade8cf8f49", size = 15505511, upload-time = "2025-05-17T21:36:29.965Z" },
    { url = "https://files.pythonhosted.org/packages/b7/25/5761d832a81df431e260719ec45de696414266613c9ee268394dd5ad8236/numpy-2.2.6-cp312-cp312-musllinux_1_2_x86_64.whl", hash = "sha256:fe27749d33bb772c80dcd84ae7e8df2adc920ae8297400dabec45f0dedb3f6de", size = 18313783, upload-time = "2025-05-17T21:36:56.883Z" },
    { url = "https://files.pythonhosted.org/packages/57/0a/72d5a3527c5ebffcd47bde9162c39fae1f90138c961e5296491ce778e682/numpy-2.2.6-cp312-cp312-win32.whl", hash = "sha256:4eeaae00d789f66c7a25ac5f34b71a7035bb474e679f410e5e1a94deb24cf2d4", size = 6246506, upload-time = "2025-05-17T21:37:07.368Z" },
    { url = "https://files.pythonhosted.org/packages/36/fa/8c9210162ca1b88529ab76b41ba02d433fd54fecaf6feb70ef9f124683f1/numpy-2.2.6-cp312-cp312-win_amd64.whl", hash = "sha256:c1f9540be57940698ed329904db803cf7a402f3fc200bfe599334c9bd84a40b2", size = 12614190, upload-time = "2025-05-17T21:37:26.213Z" },
]

[[package]]
name = "packaging"
version = "26.2"
source = { registry = "https://pypi.org/simple" }
sdist = { url = "https://files.pythonhosted.org/packages/d7/f1/e7a6dd94a8d4a5626c03e4e99c87f241ba9e350cd9e6d75123f992427270/packaging-26.2.tar.gz", hash = "sha256:ff452ff5a3e828ce110190feff1178bb1f2ea2281fa2075aadb987c2fb221661", size = 228134, upload-time = "2026-04-24T20:15:23.917Z" }
wheels = [
    { url = "https://files.pythonhosted.org/packages/df/b2/87e62e8c3e2f4b32e5fe99e0b86d576da1312593b39f47d8ceef365e95ed/packaging-26.2-py3-none-any.whl", hash = "sha256:5fc45236b9446107ff2415ce77c807cee2862cb6fac22b8a73826d0693b0980e", size = 100195, upload-time = "2026-04-24T20:15:22.081Z" },
]

[[package]]
name = "pluggy"
version = "1.6.0"
source = { registry = "https://pypi.org/simple" }
sdist = { url = "https://files.pythonhosted.org/packages/f9/e2/3e91f31a7d2b083fe6ef3fa267035b518369d9511ffab804f839851d2779/pluggy-1.6.0.tar.gz", hash = "sha256:7dcc130b76258d33b90f61b658791dede3486c3e6bfb003ee5c9bfb396dd22f3", size = 69412, upload-time = "2025-05-15T12:30:07.975Z" }
wheels = [
    { url = "https://files.pythonhosted.org/packages/54/20/4d324d65cc6d9205fabedc306948156824eb9f0ee1633355a8f7ec5c66bf/pluggy-1.6.0-py3-none-any.whl", hash = "sha256:e920276dd6813095e9377c0bc5566d94c932c33b27a3e3945d8389c374dd4746", size = 20538, upload-time = "2025-05-15T12:30:06.134Z" },
]

[[package]]
name = "pytest"
version = "8.3.4"
source = { registry = "https://pypi.org/simple" }
dependencies = [
    { name = "colorama", marker = "sys_platform == 'win32'" },
    { name = "iniconfig" },
    { name = "packaging" },
    { name = "pluggy" },
]
sdist = { url = "https://files.pythonhosted.org/packages/05/35/30e0d83068951d90a01852cb1cef56e5d8a09d20c7f511634cc2f7e0372a/pytest-8.3.4.tar.gz", hash = "sha256:965370d062bce11e73868e0335abac31b4d3de0e82f4007408d242b4f8610761", size = 1445919, upload-time = "2024-12-01T12:54:25.98Z" }
wheels = [
    { url = "https://files.pythonhosted.org/packages/11/92/76a1c94d3afee238333bc0a42b82935dd8f9cf8ce9e336ff87ee14d9e1cf/pytest-8.3.4-py3-none-any.whl", hash = "sha256:50e16d954148559c9a74109af1eaf0c945ba2d8f30f0a3d3335edde19788b6f6", size = 343083, upload-time = "2024-12-01T12:54:19.735Z" },
]

[[package]]
name = "sherpa-onnx"
version = "1.13.4"
source = { registry = "https://pypi.org/simple" }
sdist = { url = "https://files.pythonhosted.org/packages/ca/f8/735244770b4bc63f85fabdad0e46d6ec1f4cc24e64f6e082c2e0fea92b8c/sherpa_onnx-1.13.4.tar.gz", hash = "sha256:29547692418513ad88034c2b5f98985e33042b2351e4ab375469f19a8de18c5f", size = 982750, upload-time = "2026-07-07T13:04:55.145Z" }
wheels = [
    { url = "https://files.pythonhosted.org/packages/8e/57/179e3a6c1fec33aa6535051feddd5da36e5622d35630b12a67a2805b76b3/sherpa_onnx-1.13.4-cp312-cp312-linux_armv7l.whl", hash = "sha256:bcf64f2d853a1afe236e9e220df62f2f53ef6ad792ca7e406d6173ec003319b8", size = 11933213, upload-time = "2026-07-07T13:50:35.989Z" },
    { url = "https://files.pythonhosted.org/packages/e8/34/b6d3483b08ec8a4a141e978c4b92530fd0a61dd571a575c1fe24bee300d7/sherpa_onnx-1.13.4-cp312-cp312-macosx_10_15_universal2.whl", hash = "sha256:2257545ea170f58b7977309793979d6d078761b7fdb0528561285f8ead4169db", size = 4422157, upload-time = "2026-07-07T12:29:40.234Z" },
    { url = "https://files.pythonhosted.org/packages/82/37/07f03e97f157b206f6e62d722ec7c5ff41c7e9dc6aa2dc7de69b57e39b5a/sherpa_onnx-1.13.4-cp312-cp312-macosx_10_15_x86_64.whl", hash = "sha256:02b57dc2c829976eb842e6aee6a0e4ac3b9991aeb5afa89fd44eb71d848a4ecd", size = 2345135, upload-time = "2026-07-07T12:10:19.957Z" },
    { url = "https://files.pythonhosted.org/packages/fc/79/ee999f0c3b7789077d0939716a38234573d139f851a31409aa028fe2c610/sherpa_onnx-1.13.4-cp312-cp312-macosx_11_0_arm64.whl", hash = "sha256:84e58b5a074b97c5307c9b6221d1d20fbf412a1a5dff4960ca9c32bb5184219f", size = 2105219, upload-time = "2026-07-07T11:48:22.518Z" },
    { url = "https://files.pythonhosted.org/packages/f4/90/9b67ed3e7adc79daf0ba49c4936a691521488125b04fe469b64a8b5398ff/sherpa_onnx-1.13.4-cp312-cp312-manylinux2014_aarch64.manylinux_2_17_aarch64.whl", hash = "sha256:f709e6dd02ebf7d37dcb02d5eadc5fb66c9922dd5809df770c1ef5d625ae7a44", size = 4135963, upload-time = "2026-07-07T11:58:30.98Z" },
    { url = "https://files.pythonhosted.org/packages/cc/b1/8dfe5d1d72c92ea1c95db999a95b61bfbb9769f1c569f06e572eda095c52/sherpa_onnx-1.13.4-cp312-cp312-manylinux2014_x86_64.manylinux_2_17_x86_64.whl", hash = "sha256:5f0158f3513d3adab1ebba0c26f0c815e53ba13b96846d92ef095ae25d648860", size = 4358555, upload-time = "2026-07-07T12:58:59.654Z" },
    { url = "https://files.pythonhosted.org/packages/d4/04/cfd543933ae24430d124e533847c73a84a5f0efd60f07bbc6403032f9624/sherpa_onnx-1.13.4-cp312-cp312-win32.whl", hash = "sha256:d49928a3455bae1dd4e93f6b013cfbd2c3ccb5cde74aabae3710b656e7d79b6b", size = 1930647, upload-time = "2026-07-07T12:02:06.689Z" },
    { url = "https://files.pythonhosted.org/packages/bb/bb/1e723ab703a1e354f390de19981ec0c347576f87be01915d826dc6fc9f41/sherpa_onnx-1.13.4-cp312-cp312-win_amd64.whl", hash = "sha256:b8436ffe2763b3fd522fbac8fe53f47d611721c84819c241acfb65d122403d7d", size = 2244142, upload-time = "2026-07-07T13:01:42.293Z" },
]

[[package]]
name = "sherpa-onnx-core"
version = "1.13.4"
source = { registry = "https://pypi.org/simple" }
wheels = [
    { url = "https://files.pythonhosted.org/packages/ad/69/ae33a8cb1ecc30e0c4638d76772e56161162d57bef748380790e1257841f/sherpa_onnx_core-1.13.4-py3-none-macosx_10_15_universal2.whl", hash = "sha256:737099a817998e4d74379dcd44d8d1b332a3fa1822780be174334c3d1d1e2451", size = 36025264, upload-time = "2026-07-07T11:41:37.506Z" },
    { url = "https://files.pythonhosted.org/packages/2a/8c/a1336beab226d228f62bdbe1cacf1439a2f6cf8714baac98f1f031dd2f60/sherpa_onnx_core-1.13.4-py3-none-macosx_10_15_x86_64.whl", hash = "sha256:674ea57eb6458002dab4e39749d21a7364b2f962f4a4958a3ee4c351b093cafd", size = 19325474, upload-time = "2026-07-07T11:31:03.394Z" },
    { url = "https://files.pythonhosted.org/packages/a2/26/d0d6bebea4ef8b7de6eed1a335235d1acce9197425c08eecb57ef107904d/sherpa_onnx_core-1.13.4-py3-none-macosx_11_0_arm64.whl", hash = "sha256:7820183581b711a68e30281a4fb36c0af8ef5615bfc789234fb259439824a014", size = 16897650, upload-time = "2026-07-07T11:42:28.755Z" },
    { url = "https://files.pythonhosted.org/packages/81/29/15859e896574230d5377738ef27e8647cbd19fa325d75b1a00074791798d/sherpa_onnx_core-1.13.4-py3-none-manylinux2014_aarch64.whl", hash = "sha256:b4e4d17eb0d5c569bf4c9effcbc3daef57cf7e2b8418e07ae90f90c9b60b35d5", size = 13023017, upload-time = "2026-07-07T11:41:30.935Z" },
    { url = "https://files.pythonhosted.org/packages/41/be/38c57721d71ee74d984b1ca21720a8ca8477d6d341026af24ff658866ef9/sherpa_onnx_core-1.13.4-py3-none-manylinux2014_x86_64.whl", hash = "sha256:367aa06cee90b3fd7959d4e071d6fc821710b859af399b4987e5c3119ee6ae2a", size = 10338839, upload-time = "2026-07-07T12:21:33.627Z" },
    { url = "https://files.pythonhosted.org/packages/7e/17/949ee6d5cff4ec9e2dcda014276a798b814e2eb80d35d820884e6e0614ff/sherpa_onnx_core-1.13.4-py3-none-manylinux_2_35_armv7l.whl", hash = "sha256:3b9cc7da5ce4a2333a9ae211f39c34dee981b13f2c9c8680fbf2d9636e87d617", size = 9889942, upload-time = "2026-07-07T14:25:04.94Z" },
    { url = "https://files.pythonhosted.org/packages/3b/71/e2fb4b965b86bd3ee6ca35d81999e9edad47c20d2c8fc4e03db8083494bc/sherpa_onnx_core-1.13.4-py3-none-win32.whl", hash = "sha256:ba9de2f463ae67ee2947f1bd9b981a1e39e6b831e281bf5088068251b8ec4dde", size = 13832564, upload-time = "2026-07-07T11:49:11.781Z" },
    { url = "https://files.pythonhosted.org/packages/95/b0/c3d59ac76f3db873e41bd0cb4fc30b352a278da3289217985aaae3650211/sherpa_onnx_core-1.13.4-py3-none-win_amd64.whl", hash = "sha256:0a6949cf0fd83adb9fbcfdf5c27b8907a57f7b48626db703c7f6037be9b61764", size = 16450053, upload-time = "2026-07-07T12:03:05.196Z" },
]
